
Microsoft Visual Studio Solution File, Format Version 12.00
# Visual Studio 15
VisualStudioVersion = 15.0.27004.2008
MinimumVisualStudioVersion = 10.0.40219.1
Project("{FAE04EC0-301F-11D3-BF4B-00C04F79EFBC}") = "GL_Warehouse", "GL_Warehouse\GL_Warehouse.csproj", "{D7B120DD-95B2-4EB0-A1BD-04FC5512DEBF}"
EndProject
Project("{FAE04EC0-301F-11D3-BF4B-00C04F79EFBC}") = "DAL", "DAL\DAL.csproj", "{3A74033E-A034-4580-A1ED-B9BF4F107D83}"
EndProject
Project("{FAE04EC0-301F-11D3-BF4B-00C04F79EFBC}") = "Models", "Models\Models.csproj", "{CF748C7E-ED81-4EE5-A9F9-75F36C4C1A0B}"
EndProject
Global
	GlobalSection(SolutionConfigurationPlatforms) = preSolution
		Debug|Any CPU = Debug|Any CPU
		Release|Any CPU = Release|Any CPU
	EndGlobalSection
	GlobalSection(ProjectConfigurationPlatforms) = postSolution
		{D7B120DD-95B2-4EB0-A1BD-04FC5512DEBF}.Debug|Any CPU.ActiveCfg = Debug|Any CPU
		{D7B120DD-95B2-4EB0-A1BD-04FC5512DEBF}.Debug|Any CPU.Build.0 = Debug|Any CPU
		{D7B120DD-95B2-4EB0-A1BD-04FC5512DEBF}.Release|Any CPU.ActiveCfg = Release|Any CPU
		{D7B120DD-95B2-4EB0-A1BD-04FC5512DEBF}.Release|Any CPU.Build.0 = Release|Any CPU
		{3A74033E-A034-4580-A1ED-B9BF4F107D83}.Debug|Any CPU.ActiveCfg = Debug|Any CPU
		{3A74033E-A034-4580-A1ED-B9BF4F107D83}.Debug|Any CPU.Build.0 = Debug|Any CPU
		{3A74033E-A034-4580-A1ED-B9BF4F107D83}.Release|Any CPU.ActiveCfg = Release|Any CPU
		{3A74033E-A034-4580-A1ED-B9BF4F107D83}.Release|Any CPU.Build.0 = Release|Any CPU
		{CF748C7E-ED81-4EE5-A9F9-75F36C4C1A0B}.Debug|Any CPU.ActiveCfg = Debug|Any CPU
		{CF748C7E-ED81-4EE5-A9F9-75F36C4C1A0B}.Debug|Any CPU.Build.0 = Debug|Any CPU
		{CF748C7E-ED81-4EE5-A9F9-75F36C4C1A0B}.Release|Any CPU.ActiveCfg = Release|Any CPU
		{CF748C7E-ED81-4EE5-A9F9-75F36C4C1A0B}.Release|Any CPU.Build.0 = Release|Any CPU
	EndGlobalSection
	GlobalSection(SolutionProperties) = preSolution
		HideSolutionNode = FALSE
	EndGlobalSection
	GlobalSection(ExtensibilityGlobals) = postSolution
		SolutionGuid = {A198A0EC-5E2F-4450-863C-8F95DE00860F}
	EndGlobalSection
EndGlobal
